
Microsoft Visual Studio Solution File, Format Version 12.00
# Visual Studio Version 16
VisualStudioVersion = 16.0.31613.86
MinimumVisualStudioVersion = 10.0.40219.1
Project("{8BC9CEB8-8B4A-11D0-8D11-00A0C91BC942}") = "WAV_data", "WAV_data\WAV_data.vcxproj", "{770257D2-BEE6-4501-98F4-87E1D8B456DE}"
EndProject
Global
	GlobalSection(SolutionConfigurationPlatforms) = preSolution
		Debug|x64 = Debug|x64
		Debug|x86 = Debug|x86
		Release|x64 = Release|x64
		Release|x86 = Release|x86
	EndGlobalSection
	GlobalSection(ProjectConfigurationPlatforms) = postSolution
		{770257D2-BEE6-4501-98F4-87E1D8B456DE}.Debug|x64.ActiveCfg = Debug|x64
		{770257D2-BEE6-4501-98F4-87E1D8B456DE}.Debug|x64.Build.0 = Debug|x64
		{770257D2-BEE6-4501-98F4-87E1D8B456DE}.Debug|x86.ActiveCfg = Debug|Win32
		{770257D2-BEE6-4501-98F4-87E1D8B456DE}.Debug|x86.Build.0 = Debug|Win32
		{770257D2-BEE6-4501-98F4-87E1D8B456DE}.Release|x64.ActiveCfg = Release|x64
		{770257D2-BEE6-4501-98F4-87E1D8B456DE}.Release|x64.Build.0 = Release|x64
		{770257D2-BEE6-4501-98F4-87E1D8B456DE}.Release|x86.ActiveCfg = Release|Win32
		{770257D2-BEE6-4501-98F4-87E1D8B456DE}.Release|x86.Build.0 = Release|Win32
	EndGlobalSection
	GlobalSection(SolutionProperties) = preSolution
		HideSolutionNode = FALSE
	EndGlobalSection
	GlobalSection(ExtensibilityGlobals) = postSolution
		SolutionGuid = {020CFF6E-7EFC-4133-8CC0-1149B1CD5B9B}
	EndGlobalSection
EndGlobal
